
Microsoft Visual Studio Solution File, Format Version 12.00
Project("{FAE04EC0-301F-11D3-BF4B-00C04F79EFBC}") = "CollectionManagementLib", "CollectionManagementLib\CollectionManagementLib.csproj", "{ED025634-8C50-4E8D-87D6-3AE6547BEAFB}"
EndProject
Project("{FAE04EC0-301F-11D3-BF4B-00C04F79EFBC}") = "ConsoleTesting", "ConsoleTesting\ConsoleTesting.csproj", "{842FE85D-8227-42AE-B809-ADE7C80EA681}"
EndProject
Global
	GlobalSection(SolutionConfigurationPlatforms) = preSolution
		Debug|Any CPU = Debug|Any CPU
		Release|Any CPU = Release|Any CPU
	EndGlobalSection
	GlobalSection(ProjectConfigurationPlatforms) = postSolution
		{ED025634-8C50-4E8D-87D6-3AE6547BEAFB}.Debug|Any CPU.ActiveCfg = Debug|Any CPU
		{ED025634-8C50-4E8D-87D6-3AE6547BEAFB}.Debug|Any CPU.Build.0 = Debug|Any CPU
		{ED025634-8C50-4E8D-87D6-3AE6547BEAFB}.Release|Any CPU.ActiveCfg = Release|Any CPU
		{ED025634-8C50-4E8D-87D6-3AE6547BEAFB}.Release|Any CPU.Build.0 = Release|Any CPU
		{842FE85D-8227-42AE-B809-ADE7C80EA681}.Debug|Any CPU.ActiveCfg = Debug|Any CPU
		{842FE85D-8227-42AE-B809-ADE7C80EA681}.Debug|Any CPU.Build.0 = Debug|Any CPU
		{842FE85D-8227-42AE-B809-ADE7C80EA681}.Release|Any CPU.ActiveCfg = Release|Any CPU
		{842FE85D-8227-42AE-B809-ADE7C80EA681}.Release|Any CPU.Build.0 = Release|Any CPU
	EndGlobalSection
EndGlobal
